{
  "name": "carbon-tutorial",
  "version": "0.0.0",
  "lockfileVersion": 1,
  "requires": true,
  "dependencies": {
    "@apollo/react-common": {
      "version": "3.1.0",
      "resolved": "https://registry.npmjs.org/@apollo/react-common/-/react-common-3.1.0.tgz",
      "integrity": "sha512-X8IfSZyvV8oHPJ46163Am4e81Kjl4BbojpYaYEpQtpGFHIA7cZ+MvuG4M6OJNh+SZArTfnwcPvJaCtkY8n3apA==",
      "requires": {
        "ts-invariant": "0.4.4",
        "tslib": "1.10.0"
      }
    },
    "@apollo/react-components": {
      "version": "3.1.0",
      "resolved": "https://registry.npmjs.org/@apollo/react-components/-/react-components-3.1.0.tgz",
      "integrity": "sha512-w9gq0ccLR3SCLcBeYvrrLMOE70+MHK/9HX8FwJEcqCJJZy0ODeyjcl3XAle1ykEfEvSI/zLsS5g1YNbydYb8Sw==",
      "requires": {
        "@apollo/react-common": "3.1.0",
        "@apollo/react-hooks": "3.1.0",
        "prop-types": "15.7.2",
        "ts-invariant": "0.4.4",
        "tslib": "1.10.0"
      }
    },
    "@apollo/react-hoc": {
      "version": "3.1.0",
      "resolved": "https://registry.npmjs.org/@apollo/react-hoc/-/react-hoc-3.1.0.tgz",
      "integrity": "sha512-lK5UyWGb90qClu2Xu8m8G7znt/cc0jo8TpGNh4OSCszXa6P5BOzxJ9rqNPL5HrqUB5A34B8wRhhfA8SLFYSqtA==",
      "requires": {
        "@apollo/react-common": "3.1.0",
        "@apollo/react-components": "3.1.0",
        "hoist-non-react-statics": "3.3.0",
        "ts-invariant": "0.4.4",
        "tslib": "1.10.0"
      }
    },
    "@apollo/react-hooks": {
      "version": "3.1.0",
      "resolved": "https://registry.npmjs.org/@apollo/react-hooks/-/react-hooks-3.1.0.tgz",
      "integrity": "sha512-tbVIAQMemeM6FaMFA7JCV+7hfJzPJSl/r7QAaFc5i8fWmdXZPYzZCeFOI7DdsWyAoLQS+RY14mDH9Ufacaulnw==",
      "requires": {
        "@apollo/react-common": "3.1.0",
        "@wry/equality": "0.1.9",
        "ts-invariant": "0.4.4",
        "tslib": "1.10.0"
      }
    },
    "@apollo/react-ssr": {
      "version": "3.1.0",
      "resolved": "https://registry.npmjs.org/@apollo/react-ssr/-/react-ssr-3.1.0.tgz",
      "integrity": "sha512-ZMPq5HxX+8UFpyR5J3Fu+VBkSaSbDyxmETmV94mKXGj4iM54MFwZcg8UT0H1opKfZD9rSOunJKfhOSVTxKsWKQ==",
      "requires": {
        "@apollo/react-common": "3.1.0",
        "@apollo/react-hooks": "3.1.0",
        "tslib": "1.10.0"
      }
    },
    "@types/node": {
      "version": "12.7.4",
      "resolved": "https://registry.npmjs.org/@types/node/-/node-12.7.4.tgz",
      "integrity": "sha512-W0+n1Y+gK/8G2P/piTkBBN38Qc5Q1ZSO6B5H3QmPCUewaiXOo2GCAWZ4ElZCcNhjJuBSUSLGFUJnmlCn5+nxOQ=="
    },
    "@types/zen-observable": {
      "version": "0.8.0",
      "resolved": "https://registry.npmjs.org/@types/zen-observable/-/zen-observable-0.8.0.tgz",
      "integrity": "sha512-te5lMAWii1uEJ4FwLjzdlbw3+n0FZNOvFXHxQDKeT0dilh7HOzdMzV2TrJVUzq8ep7J4Na8OUYPRLSQkJHAlrg=="
    },
    "@wry/context": {
      "version": "0.4.4",
      "resolved": "https://registry.npmjs.org/@wry/context/-/context-0.4.4.tgz",
      "integrity": "sha512-LrKVLove/zw6h2Md/KZyWxIkFM6AoyKp71OqpH9Hiip1csjPVoD3tPxlbQUNxEnHENks3UGgNpSBCAfq9KWuag==",
      "requires": {
        "@types/node": "12.7.4",
        "tslib": "1.10.0"
      }
    },
    "@wry/equality": {
      "version": "0.1.9",
      "resolved": "https://registry.npmjs.org/@wry/equality/-/equality-0.1.9.tgz",
      "integrity": "sha512-mB6ceGjpMGz1ZTza8HYnrPGos2mC6So4NhS1PtZ8s4Qt0K7fBiIGhpSxUbQmhwcSWE3no+bYxmI2OL6KuXYmoQ==",
      "requires": {
        "tslib": "1.10.0"
      }
    },
    "apollo-boost": {
      "version": "0.4.4",
      "resolved": "https://registry.npmjs.org/apollo-boost/-/apollo-boost-0.4.4.tgz",
      "integrity": "sha512-ASngBvazmp9xNxXfJ2InAzfDwz65o4lswlEPrWoN35scXmCz8Nz4k3CboUXbrcN/G0IExkRf/W7o9Rg0cjEBqg==",
      "requires": {
        "apollo-cache": "1.3.2",
        "apollo-cache-inmemory": "1.6.3",
        "apollo-client": "2.6.4",
        "apollo-link": "1.2.13",
        "apollo-link-error": "1.1.12",
        "apollo-link-http": "1.5.16",
        "graphql-tag": "2.10.1",
        "ts-invariant": "0.4.4",
        "tslib": "1.10.0"
      }
    },
    "apollo-cache": {
      "version": "1.3.2",
      "resolved": "https://registry.npmjs.org/apollo-cache/-/apollo-cache-1.3.2.tgz",
      "integrity": "sha512-+KA685AV5ETEJfjZuviRTEImGA11uNBp/MJGnaCvkgr+BYRrGLruVKBv6WvyFod27WEB2sp7SsG8cNBKANhGLg==",
      "requires": {
        "apollo-utilities": "1.3.2",
        "tslib": "1.10.0"
      }
    },
    "apollo-cache-inmemory": {
      "version": "1.6.3",
      "resolved": "https://registry.npmjs.org/apollo-cache-inmemory/-/apollo-cache-inmemory-1.6.3.tgz",
      "integrity": "sha512-S4B/zQNSuYc0M/1Wq8dJDTIO9yRgU0ZwDGnmlqxGGmFombOZb9mLjylewSfQKmjNpciZ7iUIBbJ0mHlPJTzdXg==",
      "requires": {
        "apollo-cache": "1.3.2",
        "apollo-utilities": "1.3.2",
        "optimism": "0.10.2",
        "ts-invariant": "0.4.4",
        "tslib": "1.10.0"
      }
    },
    "apollo-client": {
      "version": "2.6.4",
      "resolved": "https://registry.npmjs.org/apollo-client/-/apollo-client-2.6.4.tgz",
      "integrity": "sha512-oWOwEOxQ9neHHVZrQhHDbI6bIibp9SHgxaLRVPoGvOFy7OH5XUykZE7hBQAVxq99tQjBzgytaZffQkeWo1B4VQ==",
      "requires": {
        "@types/zen-observable": "0.8.0",
        "apollo-cache": "1.3.2",
        "apollo-link": "1.2.13",
        "apollo-utilities": "1.3.2",
        "symbol-observable": "1.2.0",
        "ts-invariant": "0.4.4",
        "tslib": "1.10.0",
        "zen-observable": "0.8.14"
      }
    },
    "apollo-link": {
      "version": "1.2.13",
      "resolved": "https://registry.npmjs.org/apollo-link/-/apollo-link-1.2.13.tgz",
      "integrity": "sha512-+iBMcYeevMm1JpYgwDEIDt/y0BB7VWyvlm/7x+TIPNLHCTCMgcEgDuW5kH86iQZWo0I7mNwQiTOz+/3ShPFmBw==",
      "requires": {
        "apollo-utilities": "1.3.2",
        "ts-invariant": "0.4.4",
        "tslib": "1.10.0",
        "zen-observable-ts": "0.8.20"
      }
    },
    "apollo-link-error": {
      "version": "1.1.12",
      "resolved": "https://registry.npmjs.org/apollo-link-error/-/apollo-link-error-1.1.12.tgz",
      "integrity": "sha512-psNmHyuy3valGikt/XHJfe0pKJnRX19tLLs6P6EHRxg+6q6JMXNVLYPaQBkL0FkwdTCB0cbFJAGRYCBviG8TDA==",
      "requires": {
        "apollo-link": "1.2.13",
        "apollo-link-http-common": "0.2.15",
        "tslib": "1.10.0"
      }
    },
    "apollo-link-http": {
      "version": "1.5.16",
      "resolved": "https://registry.npmjs.org/apollo-link-http/-/apollo-link-http-1.5.16.tgz",
      "integrity": "sha512-IA3xA/OcrOzINRZEECI6IdhRp/Twom5X5L9jMehfzEo2AXdeRwAMlH5LuvTZHgKD8V1MBnXdM6YXawXkTDSmJw==",
      "requires": {
        "apollo-link": "1.2.13",
        "apollo-link-http-common": "0.2.15",
        "tslib": "1.10.0"
      }
    },
    "apollo-link-http-common": {
      "version": "0.2.15",
      "resolved": "https://registry.npmjs.org/apollo-link-http-common/-/apollo-link-http-common-0.2.15.tgz",
      "integrity": "sha512-+Heey4S2IPsPyTf8Ag3PugUupASJMW894iVps6hXbvwtg1aHSNMXUYO5VG7iRHkPzqpuzT4HMBanCTXPjtGzxg==",
      "requires": {
        "apollo-link": "1.2.13",
        "ts-invariant": "0.4.4",
        "tslib": "1.10.0"
      }
    },
    "apollo-utilities": {
      "version": "1.3.2",
      "resolved": "https://registry.npmjs.org/apollo-utilities/-/apollo-utilities-1.3.2.tgz",
      "integrity": "sha512-JWNHj8XChz7S4OZghV6yc9FNnzEXj285QYp/nLNh943iObycI5GTDO3NGR9Dth12LRrSFMeDOConPfPln+WGfg==",
      "requires": {
        "@wry/equality": "0.1.9",
        "fast-json-stable-stringify": "2.0.0",
        "ts-invariant": "0.4.4",
        "tslib": "1.10.0"
      }
    },
    "fast-json-stable-stringify": {
      "version": "2.0.0",
      "resolved": "https://registry.npmjs.org/fast-json-stable-stringify/-/fast-json-stable-stringify-2.0.0.tgz",
      "integrity": "sha1-1RQsDK7msRifh9OnYREGT4bIu/I="
    },
    "graphql": {
      "version": "14.5.4",
      "resolved": "https://registry.npmjs.org/graphql/-/graphql-14.5.4.tgz",
      "integrity": "sha512-dPLvHoxy5m9FrkqWczPPRnH0X80CyvRE6e7Fa5AWEqEAzg9LpxHvKh24po/482E6VWHigOkAmb4xCp6P9yT9gw==",
      "requires": {
        "iterall": "1.2.2"
      }
    },
    "graphql-tag": {
      "version": "2.10.1",
      "resolved": "https://registry.npmjs.org/graphql-tag/-/graphql-tag-2.10.1.tgz",
      "integrity": "sha512-jApXqWBzNXQ8jYa/HLkZJaVw9jgwNqZkywa2zfFn16Iv1Zb7ELNHkJaXHR7Quvd5SIGsy6Ny7SUKATgnu05uEg=="
    },
    "hoist-non-react-statics": {
      "version": "3.3.0",
      "resolved": "https://registry.npmjs.org/hoist-non-react-statics/-/hoist-non-react-statics-3.3.0.tgz",
      "integrity": "sha512-0XsbTXxgiaCDYDIWFcwkmerZPSwywfUqYmwT4jzewKTQSWoE6FCMoUVOeBJWK3E/CrWbxRG3m5GzY4lnIwGRBA==",
      "requires": {
        "react-is": "16.9.0"
      }
    },
    "iterall": {
      "version": "1.2.2",
      "resolved": "https://registry.npmjs.org/iterall/-/iterall-1.2.2.tgz",
      "integrity": "sha512-yynBb1g+RFUPY64fTrFv7nsjRrENBQJaX2UL+2Szc9REFrSNm1rpSXHGzhmAy7a9uv3vlvgBlXnf9RqmPH1/DA=="
    },
    "js-tokens": {
      "version": "4.0.0",
      "resolved": "https://registry.npmjs.org/js-tokens/-/js-tokens-4.0.0.tgz",
      "integrity": "sha512-RdJUflcE3cUzKiMqQgsCu06FPu9UdIJO0beYbPhHN4k6apgJtifcoCtT9bcxOpYBtpD2kCM6Sbzg4CausW/PKQ=="
    },
    "loose-envify": {
      "version": "1.4.0",
      "resolved": "https://registry.npmjs.org/loose-envify/-/loose-envify-1.4.0.tgz",
      "integrity": "sha512-lyuxPGr/Wfhrlem2CL/UcnUc1zcqKAImBDzukY7Y5F/yQiNdko6+fRLevlw1HgMySw7f611UIY408EtxRSoK3Q==",
      "requires": {
        "js-tokens": "4.0.0"
      }
    },
    "object-assign": {
      "version": "4.1.1",
      "resolved": "https://registry.npmjs.org/object-assign/-/object-assign-4.1.1.tgz",
      "integrity": "sha1-IQmtx5ZYh8/AXLvUQsrIv7s2CGM="
    },
    "optimism": {
      "version": "0.10.2",
      "resolved": "https://registry.npmjs.org/optimism/-/optimism-0.10.2.tgz",
      "integrity": "sha512-zPfBIxFFWMmQboM9+Z4MSJqc1PXp82v1PFq/GfQaufI69mHKlup7ykGNnfuGIGssXJQkmhSodQ/k9EWwjd8O8A==",
      "requires": {
        "@wry/context": "0.4.4"
      }
    },
    "prop-types": {
      "version": "15.7.2",
      "resolved": "https://registry.npmjs.org/prop-types/-/prop-types-15.7.2.tgz",
      "integrity": "sha512-8QQikdH7//R2vurIJSutZ1smHYTcLpRWEOlHnzcWHmBYrOGUysKwSsrC89BCiFj3CbrfJ/nXFdJepOVrY1GCHQ==",
      "requires": {
        "loose-envify": "1.4.0",
        "object-assign": "4.1.1",
        "react-is": "16.9.0"
      }
    },
    "react-apollo": {
      "version": "3.1.0",
      "resolved": "https://registry.npmjs.org/react-apollo/-/react-apollo-3.1.0.tgz",
      "integrity": "sha512-36uR7m4anws3i1cSPGoBGc1aJf7CF6+68vDaxUN9/Kg55h6/B0pydvwlHJPTqi5al4yyPLEIHuiJ5OXNzfrKhw==",
      "requires": {
        "@apollo/react-common": "3.1.0",
        "@apollo/react-components": "3.1.0",
        "@apollo/react-hoc": "3.1.0",
        "@apollo/react-hooks": "3.1.0",
        "@apollo/react-ssr": "3.1.0"
      }
    },
    "react-is": {
      "version": "16.9.0",
      "resolved": "https://registry.npmjs.org/react-is/-/react-is-16.9.0.tgz",
      "integrity": "sha512-tJBzzzIgnnRfEm046qRcURvwQnZVXmuCbscxUO5RWrGTXpon2d4c8mI0D8WE6ydVIm29JiLB6+RslkIvym9Rjw=="
    },
    "symbol-observable": {
      "version": "1.2.0",
      "resolved": "https://registry.npmjs.org/symbol-observable/-/symbol-observable-1.2.0.tgz",
      "integrity": "sha512-e900nM8RRtGhlV36KGEU9k65K3mPb1WV70OdjfxlG2EAuM1noi/E/BaW/uMhL7bPEssK8QV57vN3esixjUvcXQ=="
    },
    "ts-invariant": {
      "version": "0.4.4",
      "resolved": "https://registry.npmjs.org/ts-invariant/-/ts-invariant-0.4.4.tgz",
      "integrity": "sha512-uEtWkFM/sdZvRNNDL3Ehu4WVpwaulhwQszV8mrtcdeE8nN00BV9mAmQ88RkrBhFgl9gMgvjJLAQcZbnPXI9mlA==",
      "requires": {
        "tslib": "1.10.0"
      }
    },
    "tslib": {
      "version": "1.10.0",
      "resolved": "https://registry.npmjs.org/tslib/-/tslib-1.10.0.tgz",
      "integrity": "sha512-qOebF53frne81cf0S9B41ByenJ3/IuH8yJKngAX35CmiZySA0khhkovshKK+jGCaMnVomla7gVlIcc3EvKPbTQ=="
    },
    "zen-observable": {
      "version": "0.8.14",
      "resolved": "https://registry.npmjs.org/zen-observable/-/zen-observable-0.8.14.tgz",
      "integrity": "sha512-kQz39uonEjEESwh+qCi83kcC3rZJGh4mrZW7xjkSQYXkq//JZHTtKo+6yuVloTgMtzsIWOJrjIrKvk/dqm0L5g=="
    },
    "zen-observable-ts": {
      "version": "0.8.20",
      "resolved": "https://registry.npmjs.org/zen-observable-ts/-/zen-observable-ts-0.8.20.tgz",
      "integrity": "sha512-2rkjiPALhOtRaDX6pWyNqK1fnP5KkJJybYebopNSn6wDG1lxBoFs2+nwwXKoA6glHIrtwrfBBy6da0stkKtTAA==",
      "requires": {
        "tslib": "1.10.0",
        "zen-observable": "0.8.14"
      }
    }
  }
}
